%{
  "appsignal": {:hex, :appsignal, "2.15.4", "d545da49a952ad1c390827685f121706a7200c1937154a451c3602096dea97f4", [:make, :mix], [{:castore, "~> 1.0", [hex: :castore, repo: "hexpm", optional: false]}, {:certifi, "~> 2.14", [hex: :certifi, repo: "hexpm", optional: false]}, {:decimal, "~> 2.0", [hex: :decimal, repo: "hexpm", optional: false]}, {:decorator, "~> 1.2.3 or ~> 1.3", [hex: :decorator, repo: "hexpm", optional: false]}, {:finch, "~> 0.19", [hex: :finch, repo: "hexpm", optional: false]}, {:jason, "~> 1.0", [hex: :jason, repo: "hexpm", optional: false]}, {:telemetry, "~> 0.4 or ~> 1.0", [hex: :telemetry, repo: "hexpm", optional: false]}], "hexpm", "d021d20d6f8ba0b4121f860f0d2470137e5b0bf6230710f35ab38060ea013124"},
  "appsignal_phoenix": {:hex, :appsignal_phoenix, "2.7.0", "9284b4dfe40fb9a78ff371e8c7e9d3aa01bc46aa20fe3d31240bb7f9944cd728", [:mix], [{:appsignal, ">= 2.15.0 and < 3.0.0", [hex: :appsignal, repo: "hexpm", optional: false]}, {:appsignal_plug, ">= 2.1.0 and < 3.0.0", [hex: :appsignal_plug, repo: "hexpm", optional: false]}, {:phoenix, "~> 1.4", [hex: :phoenix, repo: "hexpm", optional: false]}, {:phoenix_html, "~> 2.11 or ~> 3.0 or ~> 4.0", [hex: :phoenix_html, repo: "hexpm", optional: true]}, {:phoenix_live_view, "~> 0.9 or ~> 1.0", [hex: :phoenix_live_view, repo: "hexpm", optional: true]}, {:telemetry, "~> 0.4 or ~> 1.0", [hex: :telemetry, repo: "hexpm", optional: false]}], "hexpm", "b4df4ffce4c37e85a20e0e37e1a10e65b096f97608cec1dd5bd58dc365111a44"},
  "appsignal_plug": {:hex, :appsignal_plug, "2.1.0", "637f784978bbaf07135a7198efb9a83f10caae2ea69f087ee26e7e7c18bd99b6", [:mix], [{:appsignal, ">= 2.15.0 and < 3.0.0", [hex: :appsignal, repo: "hexpm", optional: false]}, {:plug, ">= 1.1.0", [hex: :plug, repo: "hexpm", optional: false]}, {:telemetry, "~> 0.4 or ~> 1.0", [hex: :telemetry, repo: "hexpm", optional: false]}], "hexpm", "8d0ad78d3211f8d04bcd17859714038ecb512cb4b01db674c1821bda427855d4"},
  "bunt": {:hex, :bunt, "1.0.0", "081c2c665f086849e6d57900292b3a161727ab40431219529f13c4ddcf3e7a44", [:mix], [], "hexpm", "dc5f86aa08a5f6fa6b8096f0735c4e76d54ae5c9fa2c143e5a1fc7c1cd9bb6b5"},
  "castore": {:hex, :castore, "1.0.12", "053f0e32700cbec356280c0e835df425a3be4bc1e0627b714330ad9d0f05497f", [:mix], [], "hexpm", "3dca286b2186055ba0c9449b4e95b97bf1b57b47c1f2644555879e659960c224"},
  "certifi": {:hex, :certifi, "2.14.0", "ed3bef654e69cde5e6c022df8070a579a79e8ba2368a00acf3d75b82d9aceeed", [:rebar3], [], "hexpm", "ea59d87ef89da429b8e905264fdec3419f84f2215bb3d81e07a18aac919026c3"},
  "chameleon": {:hex, :chameleon, "2.2.1", "7b3d745ee1abfea26c0160590cabe3d102e7e020bba0c405176b3464c90f42a8", [:mix], [], "hexpm", "2643ececff1824793d607551418c8f79bee01395c13cf14530b27acb2903c6e5"},
  "cldr_utils": {:hex, :cldr_utils, "2.28.2", "f500667164a9043369071e4f9dcef31f88b8589b2e2c07a1eb9f9fa53cb1dce9", [:mix], [{:castore, "~> 0.1 or ~> 1.0", [hex: :castore, repo: "hexpm", optional: true]}, {:certifi, "~> 2.5", [hex: :certifi, repo: "hexpm", optional: true]}, {:decimal, "~> 1.9 or ~> 2.0", [hex: :decimal, repo: "hexpm", optional: false]}], "hexpm", "c506eb1a170ba7cdca59b304ba02a56795ed119856662f6b1a420af80ec42551"},
  "combine": {:hex, :combine, "0.10.0", "eff8224eeb56498a2af13011d142c5e7997a80c8f5b97c499f84c841032e429f", [:mix], [], "hexpm", "1b1dbc1790073076580d0d1d64e42eae2366583e7aecd455d1215b0d16f2451b"},
  "cors_plug": {:hex, :cors_plug, "2.0.3", "316f806d10316e6d10f09473f19052d20ba0a0ce2a1d910ddf57d663dac402ae", [:mix], [{:plug, "~> 1.8", [hex: :plug, repo: "hexpm", optional: false]}], "hexpm", "ee4ae1418e6ce117fc42c2ba3e6cbdca4e95ecd2fe59a05ec6884ca16d469aea"},
  "cowboy": {:hex, :cowboy, "2.13.0", "09d770dd5f6a22cc60c071f432cd7cb87776164527f205c5a6b0f24ff6b38990", [:make, :rebar3], [{:cowlib, ">= 2.14.0 and < 3.0.0", [hex: :cowlib, repo: "hexpm", optional: false]}, {:ranch, ">= 1.8.0 and < 3.0.0", [hex: :ranch, repo: "hexpm", optional: false]}], "hexpm", "e724d3a70995025d654c1992c7b11dbfea95205c047d86ff9bf1cda92ddc5614"},
  "cowboy_telemetry": {:hex, :cowboy_telemetry, "0.4.0", "f239f68b588efa7707abce16a84d0d2acf3a0f50571f8bb7f56a15865aae820c", [:rebar3], [{:cowboy, "~> 2.7", [hex: :cowboy, repo: "hexpm", optional: false]}, {:telemetry, "~> 1.0", [hex: :telemetry, repo: "hexpm", optional: false]}], "hexpm", "7d98bac1ee4565d31b62d59f8823dfd8356a169e7fcbb83831b8a5397404c9de"},
  "cowlib": {:hex, :cowlib, "2.14.0", "623791c56c1cc9df54a71a9c55147a401549917f00a2e48a6ae12b812c586ced", [:make, :rebar3], [], "hexpm", "0af652d1550c8411c3b58eed7a035a7fb088c0b86aff6bc504b0bc3b7f791aa2"},
  "credo": {:hex, :credo, "1.7.11", "d3e805f7ddf6c9c854fd36f089649d7cf6ba74c42bc3795d587814e3c9847102", [:mix], [{:bunt, "~> 0.2.1 or ~> 1.0", [hex: :bunt, repo: "hexpm", optional: false]}, {:file_system, "~> 0.2 or ~> 1.0", [hex: :file_system, repo: "hexpm", optional: false]}, {:jason, "~> 1.0", [hex: :jason, repo: "hexpm", optional: false]}], "hexpm", "56826b4306843253a66e47ae45e98e7d284ee1f95d53d1612bb483f88a8cf219"},
  "dataloader": {:hex, :dataloader, "2.0.2", "c45075e0692e68638a315e14f747bd8d7065fb5f38705cf980f62d4cd344401f", [:mix], [{:ecto, ">= 3.4.3 and < 4.0.0", [hex: :ecto, repo: "hexpm", optional: true]}, {:opentelemetry_process_propagator, "~> 0.2.1 or ~> 0.3", [hex: :opentelemetry_process_propagator, repo: "hexpm", optional: true]}, {:telemetry, "~> 1.0", [hex: :telemetry, repo: "hexpm", optional: false]}], "hexpm", "4c6cabc0b55e96e7de74d14bf37f4a5786f0ab69aa06764a1f39dda40079b098"},
  "db_connection": {:hex, :db_connection, "2.7.0", "b99faa9291bb09892c7da373bb82cba59aefa9b36300f6145c5f201c7adf48ec", [:mix], [{:telemetry, "~> 0.4 or ~> 1.0", [hex: :telemetry, repo: "hexpm", optional: false]}], "hexpm", "dcf08f31b2701f857dfc787fbad78223d61a32204f217f15e881dd93e4bdd3ff"},
  "decimal": {:hex, :decimal, "2.3.0", "3ad6255aa77b4a3c4f818171b12d237500e63525c2fd056699967a3e7ea20f62", [:mix], [], "hexpm", "a4d66355cb29cb47c3cf30e71329e58361cfcb37c34235ef3bf1d7bf3773aeac"},
  "decorator": {:hex, :decorator, "1.4.0", "a57ac32c823ea7e4e67f5af56412d12b33274661bb7640ec7fc882f8d23ac419", [:mix], [], "hexpm", "0a07cedd9083da875c7418dea95b78361197cf2bf3211d743f6f7ce39656597f"},
  "deep_merge": {:hex, :deep_merge, "1.0.0", "b4aa1a0d1acac393bdf38b2291af38cb1d4a52806cf7a4906f718e1feb5ee961", [:mix], [], "hexpm", "ce708e5f094b9cd4e8f2be4f00d2f4250c4095be93f8cd6d018c753894885430"},
  "dialyxir": {:hex, :dialyxir, "1.4.5", "ca1571ac18e0f88d4ab245f0b60fa31ff1b12cbae2b11bd25d207f865e8ae78a", [:mix], [{:erlex, ">= 0.2.7", [hex: :erlex, repo: "hexpm", optional: false]}], "hexpm", "b0fb08bb8107c750db5c0b324fa2df5ceaa0f9307690ee3c1f6ba5b9eb5d35c3"},
  "digital_token": {:hex, :digital_token, "1.0.0", "454a4444061943f7349a51ef74b7fb1ebd19e6a94f43ef711f7dae88c09347df", [:mix], [{:cldr_utils, "~> 2.17", [hex: :cldr_utils, repo: "hexpm", optional: false]}, {:jason, "~> 1.0", [hex: :jason, repo: "hexpm", optional: true]}], "hexpm", "8ed6f5a8c2fa7b07147b9963db506a1b4c7475d9afca6492136535b064c9e9e6"},
  "dns_cluster": {:hex, :dns_cluster, "0.1.3", "0bc20a2c88ed6cc494f2964075c359f8c2d00e1bf25518a6a6c7fd277c9b0c66", [:mix], [], "hexpm", "46cb7c4a1b3e52c7ad4cbe33ca5079fbde4840dedeafca2baf77996c2da1bc33"},
  "ecto": {:hex, :ecto, "3.12.5", "4a312960ce612e17337e7cefcf9be45b95a3be6b36b6f94dfb3d8c361d631866", [:mix], [{:decimal, "~> 2.0", [hex: :decimal, repo: "hexpm", optional: false]}, {:jason, "~> 1.0", [hex: :jason, repo: "hexpm", optional: true]}, {:telemetry, "~> 0.4 or ~> 1.0", [hex: :telemetry, repo: "hexpm", optional: false]}], "hexpm", "6eb18e80bef8bb57e17f5a7f068a1719fbda384d40fc37acb8eb8aeca493b6ea"},
  "ecto_sql": {:hex, :ecto_sql, "3.12.1", "c0d0d60e85d9ff4631f12bafa454bc392ce8b9ec83531a412c12a0d415a3a4d0", [:mix], [{:db_connection, "~> 2.4.1 or ~> 2.5", [hex: :db_connection, repo: "hexpm", optional: false]}, {:ecto, "~> 3.12", [hex: :ecto, repo: "hexpm", optional: false]}, {:myxql, "~> 0.7", [hex: :myxql, repo: "hexpm", optional: true]}, {:postgrex, "~> 0.19 or ~> 1.0", [hex: :postgrex, repo: "hexpm", optional: true]}, {:tds, "~> 2.1.1 or ~> 2.2", [hex: :tds, repo: "hexpm", optional: true]}, {:telemetry, "~> 0.4.0 or ~> 1.0", [hex: :telemetry, repo: "hexpm", optional: false]}], "hexpm", "aff5b958a899762c5f09028c847569f7dfb9cc9d63bdb8133bff8a5546de6bf5"},
  "erlex": {:hex, :erlex, "0.2.7", "810e8725f96ab74d17aac676e748627a07bc87eb950d2b83acd29dc047a30595", [:mix], [], "hexpm", "3ed95f79d1a844c3f6bf0cea61e0d5612a42ce56da9c03f01df538685365efb0"},
  "ex_aws": {:hex, :ex_aws, "2.5.8", "0393cfbc5e4a9e7017845451a015d836a670397100aa4c86901980e2a2c5f7d4", [:mix], [{:configparser_ex, "~> 4.0", [hex: :configparser_ex, repo: "hexpm", optional: true]}, {:hackney, "~> 1.16", [hex: :hackney, repo: "hexpm", optional: true]}, {:jason, "~> 1.1", [hex: :jason, repo: "hexpm", optional: true]}, {:jsx, "~> 2.8 or ~> 3.0", [hex: :jsx, repo: "hexpm", optional: true]}, {:mime, "~> 1.2 or ~> 2.0", [hex: :mime, repo: "hexpm", optional: false]}, {:req, "~> 0.3", [hex: :req, repo: "hexpm", optional: true]}, {:sweet_xml, "~> 0.7", [hex: :sweet_xml, repo: "hexpm", optional: true]}, {:telemetry, "~> 0.4.3 or ~> 1.0", [hex: :telemetry, repo: "hexpm", optional: false]}], "hexpm", "8f79777b7932168956c8cc3a6db41f5783aa816eb50de356aed3165a71e5f8c3"},
  "ex_aws_s3": {:hex, :ex_aws_s3, "2.5.6", "d135983bbd8b6df6350dfd83999437725527c1bea151e5055760bfc9b2d17c20", [:mix], [{:ex_aws, "~> 2.0", [hex: :ex_aws, repo: "hexpm", optional: false]}, {:sweet_xml, ">= 0.0.0", [hex: :sweet_xml, repo: "hexpm", optional: true]}], "hexpm", "9874e12847e469ca2f13a5689be04e546c16f63caf6380870b7f25bf7cb98875"},
  "ex_cldr": {:hex, :ex_cldr, "2.40.2", "1361d06624d7533fb3a2df59c82c7108b18ef55e884f48d503597fce4ce28d97", [:mix], [{:cldr_utils, "~> 2.28", [hex: :cldr_utils, repo: "hexpm", optional: false]}, {:decimal, "~> 1.6 or ~> 2.0", [hex: :decimal, repo: "hexpm", optional: false]}, {:gettext, "~> 0.19", [hex: :gettext, repo: "hexpm", optional: true]}, {:jason, "~> 1.0", [hex: :jason, repo: "hexpm", optional: true]}, {:nimble_parsec, "~> 0.5 or ~> 1.0", [hex: :nimble_parsec, repo: "hexpm", optional: true]}], "hexpm", "cd9039ca9a7c61b99c053a16bd2201ebd7d1c87b49499a4c6d761ec14bca4442"},
  "ex_cldr_currencies": {:hex, :ex_cldr_currencies, "2.16.3", "1ec6444b5d0c0aabba5a3bc321d73f1c9c751c6add92e7fb7775ccc071d96bd8", [:mix], [{:ex_cldr, "~> 2.38", [hex: :ex_cldr, repo: "hexpm", optional: false]}, {:jason, "~> 1.0", [hex: :jason, repo: "hexpm", optional: true]}], "hexpm", "4d1b5f8449fdf0ece6a2e5c7401ad8fcfde77ee6ea480bddc16e266dfa2b570c"},
  "ex_cldr_numbers": {:hex, :ex_cldr_numbers, "2.33.4", "ecb06f40fc63f484a53d4ea80e1bdd6860ec44d3032f2b10b17340d34c0a13d5", [:mix], [{:decimal, "~> 1.6 or ~> 2.0", [hex: :decimal, repo: "hexpm", optional: false]}, {:digital_token, "~> 0.3 or ~> 1.0", [hex: :digital_token, repo: "hexpm", optional: false]}, {:ex_cldr, "~> 2.38", [hex: :ex_cldr, repo: "hexpm", optional: false]}, {:ex_cldr_currencies, "~> 2.16", [hex: :ex_cldr_currencies, repo: "hexpm", optional: false]}, {:jason, "~> 1.0", [hex: :jason, repo: "hexpm", optional: true]}], "hexpm", "d15b7e217e9e60c328e73045e51dc67d7ac5d2997247b833efab2c69b2ed06f5"},
  "ex_machina": {:hex, :ex_machina, "2.8.0", "a0e847b5712065055ec3255840e2c78ef9366634d62390839d4880483be38abe", [:mix], [{:ecto, "~> 2.2 or ~> 3.0", [hex: :ecto, repo: "hexpm", optional: true]}, {:ecto_sql, "~> 3.0", [hex: :ecto_sql, repo: "hexpm", optional: true]}], "hexpm", "79fe1a9c64c0c1c1fab6c4fa5d871682cb90de5885320c187d117004627a7729"},
  "ex_money": {:hex, :ex_money, "5.19.0", "c4c18f097d148f1d02793ac4e2fc63d11422bf40eda5d78031226e0e96982eaa", [:mix], [{:decimal, "~> 1.6 or ~> 2.0", [hex: :decimal, repo: "hexpm", optional: false]}, {:ex_cldr_numbers, "~> 2.33", [hex: :ex_cldr_numbers, repo: "hexpm", optional: false]}, {:gringotts, "~> 1.1", [hex: :gringotts, repo: "hexpm", optional: true]}, {:jason, "~> 1.0", [hex: :jason, repo: "hexpm", optional: true]}, {:nimble_parsec, "~> 0.5 or ~> 1.0", [hex: :nimble_parsec, repo: "hexpm", optional: false]}, {:phoenix_html, "~> 2.0 or ~> 3.0 or ~> 4.0", [hex: :phoenix_html, repo: "hexpm", optional: true]}, {:poison, "~> 3.0 or ~> 4.0 or ~> 5.0 or ~> 6.0", [hex: :poison, repo: "hexpm", optional: true]}], "hexpm", "44d296a2ba42d3f03aa76efa8b5618abdd6c6c6bce747b8351406d65249648ea"},
  "ex_money_sql": {:hex, :ex_money_sql, "1.11.0", "1b9b2f920d5d9220fa6dd4d8aae258daf562deaed2fb037b38b1f7ba4d0a344c", [:mix], [{:ecto, "~> 3.5", [hex: :ecto, repo: "hexpm", optional: false]}, {:ecto_sql, "~> 3.0", [hex: :ecto_sql, repo: "hexpm", optional: false]}, {:ex_money, "~> 5.7", [hex: :ex_money, repo: "hexpm", optional: false]}, {:jason, "~> 1.0", [hex: :jason, repo: "hexpm", optional: false]}, {:postgrex, "~> 0.15", [hex: :postgrex, repo: "hexpm", optional: false]}], "hexpm", "629e0541ae9f87122d34650f8c8febbc7349bbc6f881cf7a51b4d0779886107d"},
  "excoveralls": {:hex, :excoveralls, "0.18.3", "bca47a24d69a3179951f51f1db6d3ed63bca9017f476fe520eb78602d45f7756", [:mix], [{:castore, "~> 1.0", [hex: :castore, repo: "hexpm", optional: true]}, {:jason, "~> 1.0", [hex: :jason, repo: "hexpm", optional: false]}], "hexpm", "746f404fcd09d5029f1b211739afb8fb8575d775b21f6a3908e7ce3e640724c6"},
  "expo": {:hex, :expo, "1.1.0", "f7b9ed7fb5745ebe1eeedf3d6f29226c5dd52897ac67c0f8af62a07e661e5c75", [:mix], [], "hexpm", "fbadf93f4700fb44c331362177bdca9eeb8097e8b0ef525c9cc501cb9917c960"},
  "file_system": {:hex, :file_system, "1.0.1", "79e8ceaddb0416f8b8cd02a0127bdbababe7bf4a23d2a395b983c1f8b3f73edd", [:mix], [], "hexpm", "4414d1f38863ddf9120720cd976fce5bdde8e91d8283353f0e31850fa89feb9e"},
  "finch": {:hex, :finch, "0.19.0", "c644641491ea854fc5c1bbaef36bfc764e3f08e7185e1f084e35e0672241b76d", [:mix], [{:mime, "~> 1.0 or ~> 2.0", [hex: :mime, repo: "hexpm", optional: false]}, {:mint, "~> 1.6.2 or ~> 1.7", [hex: :mint, repo: "hexpm", optional: false]}, {:nimble_options, "~> 0.4 or ~> 1.0", [hex: :nimble_options, repo: "hexpm", optional: false]}, {:nimble_pool, "~> 1.1", [hex: :nimble_pool, repo: "hexpm", optional: false]}, {:telemetry, "~> 0.4 or ~> 1.0", [hex: :telemetry, repo: "hexpm", optional: false]}], "hexpm", "fc5324ce209125d1e2fa0fcd2634601c52a787aff1cd33ee833664a5af4ea2b6"},
  "floki": {:hex, :floki, "0.37.1", "d7aaee758c8a5b4a7495799a4260754fec5530d95b9c383c03b27359dea117cf", [:mix], [], "hexpm", "673d040cb594d31318d514590246b6dd587ed341d3b67e17c1c0eb8ce7ca6f04"},
  "gettext": {:hex, :gettext, "0.26.2", "5978aa7b21fada6deabf1f6341ddba50bc69c999e812211903b169799208f2a8", [:mix], [{:expo, "~> 0.5.1 or ~> 1.0", [hex: :expo, repo: "hexpm", optional: false]}], "hexpm", "aa978504bcf76511efdc22d580ba08e2279caab1066b76bb9aa81c4a1e0a32a5"},
  "hackney": {:hex, :hackney, "1.23.0", "55cc09077112bcb4a69e54be46ed9bc55537763a96cd4a80a221663a7eafd767", [:rebar3], [{:certifi, "~> 2.14.0", [hex: :certifi, repo: "hexpm", optional: false]}, {:idna, "~> 6.1.0", [hex: :idna, repo: "hexpm", optional: false]}, {:metrics, "~> 1.0.0", [hex: :metrics, repo: "hexpm", optional: false]}, {:mimerl, "~> 1.1", [hex: :mimerl, repo: "hexpm", optional: false]}, {:parse_trans, "3.4.1", [hex: :parse_trans, repo: "hexpm", optional: false]}, {:ssl_verify_fun, "~> 1.1.0", [hex: :ssl_verify_fun, repo: "hexpm", optional: false]}, {:unicode_util_compat, "~> 0.7.0", [hex: :unicode_util_compat, repo: "hexpm", optional: false]}], "hexpm", "6cd1c04cd15c81e5a493f167b226a15f0938a84fc8f0736ebe4ddcab65c0b44e"},
  "hammer": {:hex, :hammer, "7.0.1", "136edcd81af44becbe6b73a958c109e2364ab0dc026d7b19892037dc2632078c", [:mix], [], "hexpm", "796edf14ab2aa80df72080210fcf944ee5e8868d8ece7a7511264d802f58cc2d"},
  "hpax": {:hex, :hpax, "1.0.2", "762df951b0c399ff67cc57c3995ec3cf46d696e41f0bba17da0518d94acd4aac", [:mix], [], "hexpm", "2f09b4c1074e0abd846747329eaa26d535be0eb3d189fa69d812bfb8bfefd32f"},
  "httpoison": {:hex, :httpoison, "2.2.1", "87b7ed6d95db0389f7df02779644171d7319d319178f6680438167d7b69b1f3d", [:mix], [{:hackney, "~> 1.17", [hex: :hackney, repo: "hexpm", optional: false]}], "hexpm", "51364e6d2f429d80e14fe4b5f8e39719cacd03eb3f9a9286e61e216feac2d2df"},
  "idna": {:hex, :idna, "6.1.1", "8a63070e9f7d0c62eb9d9fcb360a7de382448200fbbd1b106cc96d3d8099df8d", [:rebar3], [{:unicode_util_compat, "~> 0.7.0", [hex: :unicode_util_compat, repo: "hexpm", optional: false]}], "hexpm", "92376eb7894412ed19ac475e4a86f7b413c1b9fbb5bd16dccd57934157944cea"},
  "jason": {:hex, :jason, "1.4.4", "b9226785a9aa77b6857ca22832cffa5d5011a667207eb2a0ad56adb5db443b8a", [:mix], [{:decimal, "~> 1.0 or ~> 2.0", [hex: :decimal, repo: "hexpm", optional: true]}], "hexpm", "c5eb0cab91f094599f94d55bc63409236a8ec69a21a67814529e8d5f6cc90b3b"},
  "joken": {:hex, :joken, "2.6.2", "5daaf82259ca603af4f0b065475099ada1b2b849ff140ccd37f4b6828ca6892a", [:mix], [{:jose, "~> 1.11.10", [hex: :jose, repo: "hexpm", optional: false]}], "hexpm", "5134b5b0a6e37494e46dbf9e4dad53808e5e787904b7c73972651b51cce3d72b"},
  "jose": {:hex, :jose, "1.11.10", "a903f5227417bd2a08c8a00a0cbcc458118be84480955e8d251297a425723f83", [:mix, :rebar3], [], "hexpm", "0d6cd36ff8ba174db29148fc112b5842186b68a90ce9fc2b3ec3afe76593e614"},
  "live_svelte": {:hex, :live_svelte, "0.14.1", "78fcd3bb7eb1c349138ebcaef5b61653bf1a818e42129c847482717895af8f70", [:mix], [{:jason, "~> 1.2", [hex: :jason, repo: "hexpm", optional: false]}, {:nodejs, "~> 3.1", [hex: :nodejs, repo: "hexpm", optional: false]}, {:phoenix, ">= 1.7.0", [hex: :phoenix, repo: "hexpm", optional: false]}, {:phoenix_html, ">= 3.3.1", [hex: :phoenix_html, repo: "hexpm", optional: false]}, {:phoenix_live_view, ">= 0.18.0", [hex: :phoenix_live_view, repo: "hexpm", optional: false]}], "hexpm", "f96b06456957fbc6d25f71fc984f8f949664d5b61fbfcb3db43d5b82699c39a8"},
  "logfmt_ex": {:hex, :logfmt_ex, "0.4.2", "e337b6072bd21ad61d8bbe38d9c591b5a8e4869ceba4967699d027baedf2eec8", [:mix], [], "hexpm", "7fad3704383d4595adf0da873e72c8b393120e67b1257f9102da881fde9d4249"},
  "mdex": {:hex, :mdex, "0.3.3", "83afc842b4e7818996052324e52770e6cbd43010f0d1d5e5f6d62437aa9e3798", [:mix], [{:rustler, "~> 0.32", [hex: :rustler, repo: "hexpm", optional: false]}, {:rustler_precompiled, "~> 0.7", [hex: :rustler_precompiled, repo: "hexpm", optional: false]}], "hexpm", "e7c906e808b84a36e8735192d6d2c970fcfa75a285c4d1554895c899fce2733e"},
  "metrics": {:hex, :metrics, "1.0.1", "25f094dea2cda98213cecc3aeff09e940299d950904393b2a29d191c346a8486", [:rebar3], [], "hexpm", "69b09adddc4f74a40716ae54d140f93beb0fb8978d8636eaded0c31b6f099f16"},
  "mime": {:hex, :mime, "2.0.6", "8f18486773d9b15f95f4f4f1e39b710045fa1de891fada4516559967276e4dc2", [:mix], [], "hexpm", "c9945363a6b26d747389aac3643f8e0e09d30499a138ad64fe8fd1d13d9b153e"},
  "mimerl": {:hex, :mimerl, "1.3.0", "d0cd9fc04b9061f82490f6581e0128379830e78535e017f7780f37fea7545726", [:rebar3], [], "hexpm", "a1e15a50d1887217de95f0b9b0793e32853f7c258a5cd227650889b38839fe9d"},
  "mint": {:hex, :mint, "1.6.2", "af6d97a4051eee4f05b5500671d47c3a67dac7386045d87a904126fd4bbcea2e", [:mix], [{:castore, "~> 0.1.0 or ~> 1.0", [hex: :castore, repo: "hexpm", optional: true]}, {:hpax, "~> 0.1.1 or ~> 0.2.0 or ~> 1.0", [hex: :hpax, repo: "hexpm", optional: false]}], "hexpm", "5ee441dffc1892f1ae59127f74afe8fd82fda6587794278d924e4d90ea3d63f9"},
  "nanoid": {:hex, :nanoid, "2.1.0", "d192a5bf1d774258bc49762b480fca0e3128178fa6d35a464af2a738526607fd", [:mix], [], "hexpm", "ebc7a342d02d213534a7f93a091d569b9fea7f26fcd3a638dc655060fc1f76ac"},
  "nimble_options": {:hex, :nimble_options, "1.1.1", "e3a492d54d85fc3fd7c5baf411d9d2852922f66e69476317787a7b2bb000a61b", [:mix], [], "hexpm", "821b2470ca9442c4b6984882fe9bb0389371b8ddec4d45a9504f00a66f650b44"},
  "nimble_parsec": {:hex, :nimble_parsec, "1.4.0", "51f9b613ea62cfa97b25ccc2c1b4216e81df970acd8e16e8d1bdc58fef21370d", [:mix], [], "hexpm", "9c565862810fb383e9838c1dd2d7d2c437b3d13b267414ba6af33e50d2d1cf28"},
  "nimble_pool": {:hex, :nimble_pool, "1.1.0", "bf9c29fbdcba3564a8b800d1eeb5a3c58f36e1e11d7b7fb2e084a643f645f06b", [:mix], [], "hexpm", "af2e4e6b34197db81f7aad230c1118eac993acc0dae6bc83bac0126d4ae0813a"},
  "nimble_totp": {:hex, :nimble_totp, "1.0.0", "79753bae6ce59fd7cacdb21501a1dbac249e53a51c4cd22b34fa8438ee067283", [:mix], [], "hexpm", "6ce5e4c068feecdb782e85b18237f86f66541523e6bad123e02ee1adbe48eda9"},
  "nodejs": {:hex, :nodejs, "3.1.2", "a4dc114102782dcdc5fc13989398d19e594dd4e3a69181c8a8d54d08f4f950a4", [:mix], [{:jason, "~> 1.0", [hex: :jason, repo: "hexpm", optional: false]}, {:poolboy, "~> 1.5.1", [hex: :poolboy, repo: "hexpm", optional: false]}, {:ssl_verify_fun, "~> 1.1.7", [hex: :ssl_verify_fun, repo: "hexpm", optional: false]}], "hexpm", "7b01eee72c16d919b122f7096918abe9d6062d3cc299afe694e72412bbe90c92"},
  "number": {:hex, :number, "1.0.5", "d92136f9b9382aeb50145782f116112078b3465b7be58df1f85952b8bb399b0f", [:mix], [{:decimal, "~> 1.5 or ~> 2.0", [hex: :decimal, repo: "hexpm", optional: false]}], "hexpm", "c0733a0a90773a66582b9e92a3f01290987f395c972cb7d685f51dd927cd5169"},
  "oban": {:hex, :oban, "2.19.2", "11e635c49b4f422814eb96a4d78974c9e67d62a20a969e5fd50db040d32c08ba", [:mix], [{:ecto_sql, "~> 3.10", [hex: :ecto_sql, repo: "hexpm", optional: false]}, {:ecto_sqlite3, "~> 0.9", [hex: :ecto_sqlite3, repo: "hexpm", optional: true]}, {:igniter, "~> 0.5", [hex: :igniter, repo: "hexpm", optional: true]}, {:jason, "~> 1.1", [hex: :jason, repo: "hexpm", optional: true]}, {:myxql, "~> 0.7", [hex: :myxql, repo: "hexpm", optional: true]}, {:postgrex, "~> 0.16", [hex: :postgrex, repo: "hexpm", optional: true]}, {:telemetry, "~> 0.4 or ~> 1.0", [hex: :telemetry, repo: "hexpm", optional: false]}], "hexpm", "de8314b00b31d17f98fd2c76781f80c1cfc8621122b41830c0834486c44e1087"},
  "oban_met": {:hex, :oban_met, "1.0.1", "737db0064567b923d3f35efd1d3009dd1435d60ee6f98dbb55dbb83db8f4f4fa", [:mix], [{:oban, "~> 2.18", [hex: :oban, repo: "hexpm", optional: false]}], "hexpm", "0492d841f880b76c5b73081bc70ebea20ebacc08e871345f72c2270513f09957"},
  "oban_web": {:hex, :oban_web, "2.11.1", "646492d92177a43ff869535f0c92380e17148f45bc2c8dc8f74c69f8a2874bad", [:mix], [{:jason, "~> 1.2", [hex: :jason, repo: "hexpm", optional: false]}, {:oban, "~> 2.19", [hex: :oban, repo: "hexpm", optional: false]}, {:oban_met, "~> 1.0", [hex: :oban_met, repo: "hexpm", optional: false]}, {:phoenix, "~> 1.7", [hex: :phoenix, repo: "hexpm", optional: false]}, {:phoenix_html, "~> 3.3 or ~> 4.0", [hex: :phoenix_html, repo: "hexpm", optional: false]}, {:phoenix_live_view, "~> 1.0", [hex: :phoenix_live_view, repo: "hexpm", optional: false]}, {:phoenix_pubsub, "~> 2.1", [hex: :phoenix_pubsub, repo: "hexpm", optional: false]}], "hexpm", "d853c6af3f7c20d03a2bf7b1baad71835d50fbb98af05004e9b51da558b90b01"},
  "parse_trans": {:hex, :parse_trans, "3.4.1", "6e6aa8167cb44cc8f39441d05193be6e6f4e7c2946cb2759f015f8c56b76e5ff", [:rebar3], [], "hexpm", "620a406ce75dada827b82e453c19cf06776be266f5a67cff34e1ef2cbb60e49a"},
  "phoenix": {:hex, :phoenix, "1.7.21", "14ca4f1071a5f65121217d6b57ac5712d1857e40a0833aff7a691b7870fc9a3b", [:mix], [{:castore, ">= 0.0.0", [hex: :castore, repo: "hexpm", optional: false]}, {:jason, "~> 1.0", [hex: :jason, repo: "hexpm", optional: true]}, {:phoenix_pubsub, "~> 2.1", [hex: :phoenix_pubsub, repo: "hexpm", optional: false]}, {:phoenix_template, "~> 1.0", [hex: :phoenix_template, repo: "hexpm", optional: false]}, {:phoenix_view, "~> 2.0", [hex: :phoenix_view, repo: "hexpm", optional: true]}, {:plug, "~> 1.14", [hex: :plug, repo: "hexpm", optional: false]}, {:plug_cowboy, "~> 2.7", [hex: :plug_cowboy, repo: "hexpm", optional: true]}, {:plug_crypto, "~> 1.2 or ~> 2.0", [hex: :plug_crypto, repo: "hexpm", optional: false]}, {:telemetry, "~> 0.4 or ~> 1.0", [hex: :telemetry, repo: "hexpm", optional: false]}, {:websock_adapter, "~> 0.5.3", [hex: :websock_adapter, repo: "hexpm", optional: false]}], "hexpm", "336dce4f86cba56fed312a7d280bf2282c720abb6074bdb1b61ec8095bdd0bc9"},
  "phoenix_ecto": {:hex, :phoenix_ecto, "4.6.3", "f686701b0499a07f2e3b122d84d52ff8a31f5def386e03706c916f6feddf69ef", [:mix], [{:ecto, "~> 3.5", [hex: :ecto, repo: "hexpm", optional: false]}, {:phoenix_html, "~> 2.14.2 or ~> 3.0 or ~> 4.1", [hex: :phoenix_html, repo: "hexpm", optional: true]}, {:plug, "~> 1.9", [hex: :plug, repo: "hexpm", optional: false]}, {:postgrex, "~> 0.16 or ~> 1.0", [hex: :postgrex, repo: "hexpm", optional: true]}], "hexpm", "909502956916a657a197f94cc1206d9a65247538de8a5e186f7537c895d95764"},
  "phoenix_html": {:hex, :phoenix_html, "4.2.1", "35279e2a39140068fc03f8874408d58eef734e488fc142153f055c5454fd1c08", [:mix], [], "hexpm", "cff108100ae2715dd959ae8f2a8cef8e20b593f8dfd031c9cba92702cf23e053"},
  "phoenix_live_dashboard": {:hex, :phoenix_live_dashboard, "0.8.6", "7b1f0327f54c9eb69845fd09a77accf922f488c549a7e7b8618775eb603a62c7", [:mix], [{:ecto, "~> 3.6.2 or ~> 3.7", [hex: :ecto, repo: "hexpm", optional: true]}, {:ecto_mysql_extras, "~> 0.5", [hex: :ecto_mysql_extras, repo: "hexpm", optional: true]}, {:ecto_psql_extras, "~> 0.7", [hex: :ecto_psql_extras, repo: "hexpm", optional: true]}, {:ecto_sqlite3_extras, "~> 1.1.7 or ~> 1.2.0", [hex: :ecto_sqlite3_extras, repo: "hexpm", optional: true]}, {:mime, "~> 1.6 or ~> 2.0", [hex: :mime, repo: "hexpm", optional: false]}, {:phoenix_live_view, "~> 0.19 or ~> 1.0", [hex: :phoenix_live_view, repo: "hexpm", optional: false]}, {:telemetry_metrics, "~> 0.6 or ~> 1.0", [hex: :telemetry_metrics, repo: "hexpm", optional: false]}], "hexpm", "1681ab813ec26ca6915beb3414aa138f298e17721dc6a2bde9e6eb8a62360ff6"},
  "phoenix_live_reload": {:hex, :phoenix_live_reload, "1.5.3", "f2161c207fda0e4fb55165f650f7f8db23f02b29e3bff00ff7ef161d6ac1f09d", [:mix], [{:file_system, "~> 0.3 or ~> 1.0", [hex: :file_system, repo: "hexpm", optional: false]}, {:phoenix, "~> 1.4", [hex: :phoenix, repo: "hexpm", optional: false]}], "hexpm", "b4ec9cd73cb01ff1bd1cac92e045d13e7030330b74164297d1aee3907b54803c"},
  "phoenix_live_view": {:hex, :phoenix_live_view, "1.0.9", "4dc5e535832733df68df22f9de168b11c0c74bca65b27b088a10ac36dfb75d04", [:mix], [{:floki, "~> 0.36", [hex: :floki, repo: "hexpm", optional: true]}, {:jason, "~> 1.0", [hex: :jason, repo: "hexpm", optional: true]}, {:phoenix, "~> 1.6.15 or ~> 1.7.0", [hex: :phoenix, repo: "hexpm", optional: false]}, {:phoenix_html, "~> 3.3 or ~> 4.0", [hex: :phoenix_html, repo: "hexpm", optional: false]}, {:phoenix_template, "~> 1.0", [hex: :phoenix_template, repo: "hexpm", optional: false]}, {:phoenix_view, "~> 2.0", [hex: :phoenix_view, repo: "hexpm", optional: true]}, {:plug, "~> 1.15", [hex: :plug, repo: "hexpm", optional: false]}, {:telemetry, "~> 0.4.2 or ~> 1.0", [hex: :telemetry, repo: "hexpm", optional: false]}], "hexpm", "1dccb04ec8544340e01608e108f32724458d0ac4b07e551406b3b920c40ba2e5"},
  "phoenix_pubsub": {:hex, :phoenix_pubsub, "2.1.3", "3168d78ba41835aecad272d5e8cd51aa87a7ac9eb836eabc42f6e57538e3731d", [:mix], [], "hexpm", "bba06bc1dcfd8cb086759f0edc94a8ba2bc8896d5331a1e2c2902bf8e36ee502"},
  "phoenix_template": {:hex, :phoenix_template, "1.0.4", "e2092c132f3b5e5b2d49c96695342eb36d0ed514c5b252a77048d5969330d639", [:mix], [{:phoenix_html, "~> 2.14.2 or ~> 3.0 or ~> 4.0", [hex: :phoenix_html, repo: "hexpm", optional: true]}], "hexpm", "2c0c81f0e5c6753faf5cca2f229c9709919aba34fab866d3bc05060c9c444206"},
  "plug": {:hex, :plug, "1.17.0", "a0832e7af4ae0f4819e0c08dd2e7482364937aea6a8a997a679f2cbb7e026b2e", [:mix], [{:mime, "~> 1.0 or ~> 2.0", [hex: :mime, repo: "hexpm", optional: false]}, {:plug_crypto, "~> 1.1.1 or ~> 1.2 or ~> 2.0", [hex: :plug_crypto, repo: "hexpm", optional: false]}, {:telemetry, "~> 0.4.3 or ~> 1.0", [hex: :telemetry, repo: "hexpm", optional: false]}], "hexpm", "f6692046652a69a00a5a21d0b7e11fcf401064839d59d6b8787f23af55b1e6bc"},
  "plug_cowboy": {:hex, :plug_cowboy, "2.7.3", "1304d36752e8bdde213cea59ef424ca932910a91a07ef9f3874be709c4ddb94b", [:mix], [{:cowboy, "~> 2.7", [hex: :cowboy, repo: "hexpm", optional: false]}, {:cowboy_telemetry, "~> 0.3", [hex: :cowboy_telemetry, repo: "hexpm", optional: false]}, {:plug, "~> 1.14", [hex: :plug, repo: "hexpm", optional: false]}], "hexpm", "77c95524b2aa5364b247fa17089029e73b951ebc1adeef429361eab0bb55819d"},
  "plug_crypto": {:hex, :plug_crypto, "2.1.1", "19bda8184399cb24afa10be734f84a16ea0a2bc65054e23a62bb10f06bc89491", [:mix], [], "hexpm", "6470bce6ffe41c8bd497612ffde1a7e4af67f36a15eea5f921af71cf3e11247c"},
  "poolboy": {:hex, :poolboy, "1.5.2", "392b007a1693a64540cead79830443abf5762f5d30cf50bc95cb2c1aaafa006b", [:rebar3], [], "hexpm", "dad79704ce5440f3d5a3681c8590b9dc25d1a561e8f5a9c995281012860901e3"},
  "postgrex": {:hex, :postgrex, "0.20.0", "363ed03ab4757f6bc47942eff7720640795eb557e1935951c1626f0d303a3aed", [:mix], [{:db_connection, "~> 2.1", [hex: :db_connection, repo: "hexpm", optional: false]}, {:decimal, "~> 1.5 or ~> 2.0", [hex: :decimal, repo: "hexpm", optional: false]}, {:jason, "~> 1.0", [hex: :jason, repo: "hexpm", optional: true]}, {:table, "~> 0.1.0", [hex: :table, repo: "hexpm", optional: true]}], "hexpm", "d36ef8b36f323d29505314f704e21a1a038e2dc387c6409ee0cd24144e187c0f"},
  "ranch": {:hex, :ranch, "2.2.0", "25528f82bc8d7c6152c57666ca99ec716510fe0925cb188172f41ce93117b1b0", [:make, :rebar3], [], "hexpm", "fa0b99a1780c80218a4197a59ea8d3bdae32fbff7e88527d7d8a4787eff4f8e7"},
  "redirect": {:hex, :redirect, "0.4.0", "98b46053504ee517bc3ad2fd04c064b64b48d339e1e18266355b30c4f8bb52b0", [:mix], [{:phoenix, "~> 1.4", [hex: :phoenix, repo: "hexpm", optional: false]}, {:plug, "~> 1.8.3 or ~> 1.9", [hex: :plug, repo: "hexpm", optional: false]}], "hexpm", "dfa29a8ecbad066ed0b73b34611cf24c78101719737f37bdf750f39197d67b97"},
  "reverse_proxy_plug": {:hex, :reverse_proxy_plug, "3.0.2", "38fde2f59bca8b219ef4f1ec0c0849a67c6d9705160e426a2354f35399db5c7b", [:mix], [{:finch, "~> 0.18", [hex: :finch, repo: "hexpm", optional: true]}, {:httpoison, "~> 1.2 or ~> 2.0", [hex: :httpoison, repo: "hexpm", optional: true]}, {:plug, "~> 1.6", [hex: :plug, repo: "hexpm", optional: false]}, {:req, "~> 0.3.0 or ~> 0.4.0 or ~> 0.5.0", [hex: :req, repo: "hexpm", optional: true]}, {:tesla, "~> 1.4", [hex: :tesla, repo: "hexpm", optional: true]}], "hexpm", "31ae5e068f7f504fba1b5c17c31c87966c720809ac15140c6c181440fbd24eda"},
  "rustler": {:hex, :rustler, "0.36.1", "2d4b1ff57ea2789a44756a40dbb5fbb73c6ee0a13d031dcba96d0a5542598a6a", [:mix], [{:jason, "~> 1.0", [hex: :jason, repo: "hexpm", optional: false]}, {:toml, "~> 0.7", [hex: :toml, repo: "hexpm", optional: false]}], "hexpm", "f3fba4ad272970e0d1bc62972fc4a99809651e54a125c5242de9bad4574b2d02"},
  "rustler_precompiled": {:hex, :rustler_precompiled, "0.8.2", "5f25cbe220a8fac3e7ad62e6f950fcdca5a5a5f8501835d2823e8c74bf4268d5", [:mix], [{:castore, "~> 0.1 or ~> 1.0", [hex: :castore, repo: "hexpm", optional: false]}, {:rustler, "~> 0.23", [hex: :rustler, repo: "hexpm", optional: true]}], "hexpm", "63d1bd5f8e23096d1ff851839923162096364bac8656a4a3c00d1fff8e83ee0a"},
  "salad_ui": {:hex, :salad_ui, "0.14.4", "a5c051f926332629d9aa4f2a8373c3c9031e8eceab693d30b27a39d7108e2fe9", [:mix], [{:phoenix_live_view, "~> 1.0", [hex: :phoenix_live_view, repo: "hexpm", optional: false]}, {:tw_merge, "~> 0.1", [hex: :tw_merge, repo: "hexpm", optional: false]}], "hexpm", "de232ca8d3bb4ea04739fd1d92244152f4a098628f02382e3dcd0b42f4c4d7e1"},
  "sobelow": {:hex, :sobelow, "0.13.0", "218afe9075904793f5c64b8837cc356e493d88fddde126a463839351870b8d1e", [:mix], [{:jason, "~> 1.0", [hex: :jason, repo: "hexpm", optional: false]}], "hexpm", "cd6e9026b85fc35d7529da14f95e85a078d9dd1907a9097b3ba6ac7ebbe34a0d"},
  "ssl_verify_fun": {:hex, :ssl_verify_fun, "1.1.7", "354c321cf377240c7b8716899e182ce4890c5938111a1296add3ec74cf1715df", [:make, :mix, :rebar3], [], "hexpm", "fe4c190e8f37401d30167c8c405eda19469f34577987c76dde613e838bbc67f8"},
  "stripity_stripe": {:hex, :stripity_stripe, "2.17.3", "2c03a8a42aad26f0f1b751332f846bf624081cec0f2fdaceefe96e61238bd58f", [:mix], [{:hackney, "~> 1.18", [hex: :hackney, repo: "hexpm", optional: false]}, {:jason, "~> 1.1", [hex: :jason, repo: "hexpm", optional: false]}, {:plug, "~> 1.14", [hex: :plug, repo: "hexpm", optional: true]}, {:telemetry, "~> 1.1", [hex: :telemetry, repo: "hexpm", optional: false]}, {:uri_query, "~> 0.1.2", [hex: :uri_query, repo: "hexpm", optional: false]}], "hexpm", "85e3d2729a7668b39cadb4dc51c67ae83c7300eda6d6f62dd06e5b04f1471080"},
  "styler": {:hex, :styler, "1.2.1", "28f9e3d4b065c22575c56b8ae03d05188add1b21bec5ae664fc1551e2dfcc41b", [:mix], [], "hexpm", "71dc33980e530d21ca54db9c2075e646faa6e7b744a9d4a3dfb0ff01f56595f0"},
  "swoosh": {:hex, :swoosh, "1.17.6", "27ff070f96246e35b7105ab1c52b2b689f523a3cb83ed9faadb2f33bd653ccba", [:mix], [{:bandit, ">= 1.0.0", [hex: :bandit, repo: "hexpm", optional: true]}, {:cowboy, "~> 1.1 or ~> 2.4", [hex: :cowboy, repo: "hexpm", optional: true]}, {:ex_aws, "~> 2.1", [hex: :ex_aws, repo: "hexpm", optional: true]}, {:finch, "~> 0.6", [hex: :finch, repo: "hexpm", optional: true]}, {:gen_smtp, "~> 0.13 or ~> 1.0", [hex: :gen_smtp, repo: "hexpm", optional: true]}, {:hackney, "~> 1.9", [hex: :hackney, repo: "hexpm", optional: true]}, {:jason, "~> 1.0", [hex: :jason, repo: "hexpm", optional: false]}, {:mail, "~> 0.2", [hex: :mail, repo: "hexpm", optional: true]}, {:mime, "~> 1.1 or ~> 2.0", [hex: :mime, repo: "hexpm", optional: false]}, {:mua, "~> 0.2.3", [hex: :mua, repo: "hexpm", optional: true]}, {:multipart, "~> 0.4", [hex: :multipart, repo: "hexpm", optional: true]}, {:plug, "~> 1.9", [hex: :plug, repo: "hexpm", optional: true]}, {:plug_cowboy, ">= 1.0.0", [hex: :plug_cowboy, repo: "hexpm", optional: true]}, {:req, "~> 0.5 or ~> 1.0", [hex: :req, repo: "hexpm", optional: true]}, {:telemetry, "~> 0.4.2 or ~> 1.0", [hex: :telemetry, repo: "hexpm", optional: false]}], "hexpm", "9798f3e72165f40c950f6762c06dab68afcdcf616138fc4a07965c09c250e1e2"},
  "tabler_icons": {:git, "https://github.com/algora-io/icons.git", "d0eddbdce5e40fccfa0a5dbc46839565ca8b061b", [sparse: "icons", depth: 1]},
  "tails": {:hex, :tails, "0.1.11", "112a62ff06046805c052c3cf6aba6f64fd41e8f82fe8cc1705fb446d04400607", [:mix], [{:jason, "~> 1.4", [hex: :jason, repo: "hexpm", optional: false]}], "hexpm", "a908c1e3191610d606f1518eb108b7abe3e91fcc2ebda16b321e917d0d8987dd"},
  "tailwind": {:hex, :tailwind, "0.2.4", "5706ec47182d4e7045901302bf3a333e80f3d1af65c442ba9a9eed152fb26c2e", [:mix], [{:castore, ">= 0.0.0", [hex: :castore, repo: "hexpm", optional: false]}], "hexpm", "c6e4a82b8727bab593700c998a4d98cf3d8025678bfde059aed71d0000c3e463"},
  "telemetry": {:hex, :telemetry, "1.3.0", "fedebbae410d715cf8e7062c96a1ef32ec22e764197f70cda73d82778d61e7a2", [:rebar3], [], "hexpm", "7015fc8919dbe63764f4b4b87a95b7c0996bd539e0d499be6ec9d7f3875b79e6"},
  "telemetry_metrics": {:hex, :telemetry_metrics, "0.6.2", "2caabe9344ec17eafe5403304771c3539f3b6e2f7fb6a6f602558c825d0d0bfb", [:mix], [{:telemetry, "~> 0.4 or ~> 1.0", [hex: :telemetry, repo: "hexpm", optional: false]}], "hexpm", "9b43db0dc33863930b9ef9d27137e78974756f5f198cae18409970ed6fa5b561"},
  "telemetry_poller": {:hex, :telemetry_poller, "1.1.0", "58fa7c216257291caaf8d05678c8d01bd45f4bdbc1286838a28c4bb62ef32999", [:rebar3], [{:telemetry, "~> 1.0", [hex: :telemetry, repo: "hexpm", optional: false]}], "hexpm", "9eb9d9cbfd81cbd7cdd24682f8711b6e2b691289a0de6826e58452f28c103c8f"},
  "timex": {:hex, :timex, "3.7.11", "bb95cb4eb1d06e27346325de506bcc6c30f9c6dea40d1ebe390b262fad1862d1", [:mix], [{:combine, "~> 0.10", [hex: :combine, repo: "hexpm", optional: false]}, {:gettext, "~> 0.20", [hex: :gettext, repo: "hexpm", optional: false]}, {:tzdata, "~> 1.1", [hex: :tzdata, repo: "hexpm", optional: false]}], "hexpm", "8b9024f7efbabaf9bd7aa04f65cf8dcd7c9818ca5737677c7b76acbc6a94d1aa"},
  "toml": {:hex, :toml, "0.7.0", "fbcd773caa937d0c7a02c301a1feea25612720ac3fa1ccb8bfd9d30d822911de", [:mix], [], "hexpm", "0690246a2478c1defd100b0c9b89b4ea280a22be9a7b313a8a058a2408a2fa70"},
  "tw_merge": {:hex, :tw_merge, "0.1.1", "88127783b0039bd85cdc0d8d7f4498f794c4fe30c9c0b35fdc8dcc1f0f18b4dc", [:mix], [{:deep_merge, "~> 1.0", [hex: :deep_merge, repo: "hexpm", optional: false]}, {:nimble_parsec, "~> 1.0", [hex: :nimble_parsec, repo: "hexpm", optional: false]}], "hexpm", "443f683fe21e171ac1fe1a5105b8b5862d85e0385595c983e8e09d053129e04f"},
  "typed_ecto_schema": {:hex, :typed_ecto_schema, "0.4.1", "a373ca6f693f4de84cde474a67467a9cb9051a8a7f3f615f1e23dc74b75237fa", [:mix], [{:ecto, "~> 3.5", [hex: :ecto, repo: "hexpm", optional: false]}], "hexpm", "85c6962f79d35bf543dd5659c6adc340fd2480cacc6f25d2cc2933ea6e8fcb3b"},
  "tzdata": {:hex, :tzdata, "1.1.2", "45e5f1fcf8729525ec27c65e163be5b3d247ab1702581a94674e008413eef50b", [:mix], [{:hackney, "~> 1.17", [hex: :hackney, repo: "hexpm", optional: false]}], "hexpm", "cec7b286e608371602318c414f344941d5eb0375e14cfdab605cca2fe66cba8b"},
  "unicode_util_compat": {:hex, :unicode_util_compat, "0.7.0", "bc84380c9ab48177092f43ac89e4dfa2c6d62b40b8bd132b1059ecc7232f9a78", [:rebar3], [], "hexpm", "25eee6d67df61960cf6a794239566599b09e17e668d3700247bc498638152521"},
  "uri_query": {:hex, :uri_query, "0.1.2", "ae35b83b472f3568c2c159eee3f3ccf585375d8a94fb5382db1ea3589e75c3b4", [:mix], [], "hexpm", "e3bc81816c98502c36498b9b2f239b89c71ce5eadfff7ceb2d6c0a2e6ae2ea0c"},
  "websock": {:hex, :websock, "0.5.3", "2f69a6ebe810328555b6fe5c831a851f485e303a7c8ce6c5f675abeb20ebdadc", [:mix], [], "hexpm", "6105453d7fac22c712ad66fab1d45abdf049868f253cf719b625151460b8b453"},
  "websock_adapter": {:hex, :websock_adapter, "0.5.8", "3b97dc94e407e2d1fc666b2fb9acf6be81a1798a2602294aac000260a7c4a47d", [:mix], [{:bandit, ">= 0.6.0", [hex: :bandit, repo: "hexpm", optional: true]}, {:plug, "~> 1.14", [hex: :plug, repo: "hexpm", optional: false]}, {:plug_cowboy, "~> 2.6", [hex: :plug_cowboy, repo: "hexpm", optional: true]}, {:websock, "~> 0.5", [hex: :websock, repo: "hexpm", optional: false]}], "hexpm", "315b9a1865552212b5f35140ad194e67ce31af45bcee443d4ecb96b5fd3f3782"},
  "yamerl": {:hex, :yamerl, "0.10.0", "4ff81fee2f1f6a46f1700c0d880b24d193ddb74bd14ef42cb0bcf46e81ef2f8e", [:rebar3], [], "hexpm", "346adb2963f1051dc837a2364e4acf6eb7d80097c0f53cbdc3046ec8ec4b4e6e"},
  "yaml_elixir": {:hex, :yaml_elixir, "2.11.0", "9e9ccd134e861c66b84825a3542a1c22ba33f338d82c07282f4f1f52d847bd50", [:mix], [{:yamerl, "~> 0.10", [hex: :yamerl, repo: "hexpm", optional: false]}], "hexpm", "53cc28357ee7eb952344995787f4bb8cc3cecbf189652236e9b163e8ce1bc242"},
}
